
Microsoft Visual Studio Solution File, Format Version 12.00
# Visual Studio Version 17
VisualStudioVersion = 17.0.31903.59
MinimumVisualStudioVersion = 10.0.40219.1
Project("{2150E333-8FDC-42A3-9474-1A3956D46DE8}") = "src", "src", "{827E0CD3-B72D-47B6-A68D-7590B98EB39B}"
EndProject
Project("{FAE04EC0-301F-11D3-BF4B-00C04F79EFBC}") = "InteriorHub.Domain", "src\InteriorHub.Domain\InteriorHub.Domain.csproj", "{0F65B75D-AF5E-4591-8F80-07290771765F}"
EndProject
Project("{FAE04EC0-301F-11D3-BF4B-00C04F79EFBC}") = "InteriorHub.Application", "src\InteriorHub.Application\InteriorHub.Application.csproj", "{B35FCAFB-DC11-413C-9782-F0C52BC5EA03}"
EndProject
Project("{FAE04EC0-301F-11D3-BF4B-00C04F79EFBC}") = "InteriorHub.Infrastructure", "src\InteriorHub.Infrastructure\InteriorHub.Infrastructure.csproj", "{8C4DF2CD-A82A-498B-8E9B-CF79C7AF5A2B}"
EndProject
Project("{FAE04EC0-301F-11D3-BF4B-00C04F79EFBC}") = "InteriorHub.API", "src\InteriorHub.API\InteriorHub.API.csproj", "{3F37FCAB-8BBB-4443-AC87-5A32B1814946}"
EndProject
Project("{2150E333-8FDC-42A3-9474-1A3956D46DE8}") = "Modular", "Modular", "{02EA681E-C7D8-13C7-8484-4AC65E1B71E8}"
EndProject
Project("{2150E333-8FDC-42A3-9474-1A3956D46DE8}") = "Audit", "Audit", "{D2BDE82D-DB3F-46AA-8962-64A10A288841}"
EndProject
Project("{FAE04EC0-301F-11D3-BF4B-00C04F79EFBC}") = "ISD.Audit.Application", "ISD.Audit.Application\ISD.Audit.Application.csproj", "{A7CBE41D-1355-4681-B884-F0D2F69A75A4}"
EndProject
Project("{FAE04EC0-301F-11D3-BF4B-00C04F79EFBC}") = "ISD.Audit.Domain", "ISD.Audit.Domain\ISD.Audit.Domain.csproj", "{CA317B27-C60F-4E2A-8694-EDBC931557A8}"
EndProject
Project("{FAE04EC0-301F-11D3-BF4B-00C04F79EFBC}") = "ISD.Audit.Infrastructure", "ISD.Audit.Infrastructure\ISD.Audit.Infrastructure.csproj", "{19BB0A4F-5B31-4ECE-A638-FE27291720E2}"
EndProject
Project("{FAE04EC0-301F-11D3-BF4B-00C04F79EFBC}") = "ISD.Audit.Shared.Contract", "ISD.Audit.Shared.Contract\ISD.Audit.Shared.Contract.csproj", "{4334FF6E-D3CC-4CAC-BC96-54048AB96A99}"
EndProject
Project("{2150E333-8FDC-42A3-9474-1A3956D46DE8}") = "Auth", "Auth", "{25E146AE-DCD8-42C7-B454-3A87D44803D2}"
EndProject
Project("{FAE04EC0-301F-11D3-BF4B-00C04F79EFBC}") = "AuthModule.Application", "Modular\Auth\AuthModule.Application\AuthModule.Application.csproj", "{D09EF41B-3B08-4EF9-AEB9-D38038483822}"
EndProject
Project("{FAE04EC0-301F-11D3-BF4B-00C04F79EFBC}") = "AuthModule.Domain", "Modular\Auth\AuthModule.Domain\AuthModule.Domain.csproj", "{9A9991EA-E4D5-40CB-81F8-7B74FCC3C56B}"
EndProject
Project("{FAE04EC0-301F-11D3-BF4B-00C04F79EFBC}") = "AuthModule.Infrastructure", "Modular\Auth\AuthModule.Infrastructure\AuthModule.Infrastructure.csproj", "{2F1B288C-4D8C-4046-9FF3-DF3995E0A86E}"
EndProject
Global
	GlobalSection(SolutionConfigurationPlatforms) = preSolution
		Debug|Any CPU = Debug|Any CPU
		Debug|x64 = Debug|x64
		Debug|x86 = Debug|x86
		Release|Any CPU = Release|Any CPU
		Release|x64 = Release|x64
		Release|x86 = Release|x86
	EndGlobalSection
	GlobalSection(ProjectConfigurationPlatforms) = postSolution
		{0F65B75D-AF5E-4591-8F80-07290771765F}.Debug|Any CPU.ActiveCfg = Debug|Any CPU
		{0F65B75D-AF5E-4591-8F80-07290771765F}.Debug|Any CPU.Build.0 = Debug|Any CPU
		{0F65B75D-AF5E-4591-8F80-07290771765F}.Debug|x64.ActiveCfg = Debug|Any CPU
		{0F65B75D-AF5E-4591-8F80-07290771765F}.Debug|x64.Build.0 = Debug|Any CPU
		{0F65B75D-AF5E-4591-8F80-07290771765F}.Debug|x86.ActiveCfg = Debug|Any CPU
		{0F65B75D-AF5E-4591-8F80-07290771765F}.Debug|x86.Build.0 = Debug|Any CPU
		{0F65B75D-AF5E-4591-8F80-07290771765F}.Release|Any CPU.ActiveCfg = Release|Any CPU
		{0F65B75D-AF5E-4591-8F80-07290771765F}.Release|Any CPU.Build.0 = Release|Any CPU
		{0F65B75D-AF5E-4591-8F80-07290771765F}.Release|x64.ActiveCfg = Release|Any CPU
		{0F65B75D-AF5E-4591-8F80-07290771765F}.Release|x64.Build.0 = Release|Any CPU
		{0F65B75D-AF5E-4591-8F80-07290771765F}.Release|x86.ActiveCfg = Release|Any CPU
		{0F65B75D-AF5E-4591-8F80-07290771765F}.Release|x86.Build.0 = Release|Any CPU
		{B35FCAFB-DC11-413C-9782-F0C52BC5EA03}.Debug|Any CPU.ActiveCfg = Debug|Any CPU
		{B35FCAFB-DC11-413C-9782-F0C52BC5EA03}.Debug|Any CPU.Build.0 = Debug|Any CPU
		{B35FCAFB-DC11-413C-9782-F0C52BC5EA03}.Debug|x64.ActiveCfg = Debug|Any CPU
		{B35FCAFB-DC11-413C-9782-F0C52BC5EA03}.Debug|x64.Build.0 = Debug|Any CPU
		{B35FCAFB-DC11-413C-9782-F0C52BC5EA03}.Debug|x86.ActiveCfg = Debug|Any CPU
		{B35FCAFB-DC11-413C-9782-F0C52BC5EA03}.Debug|x86.Build.0 = Debug|Any CPU
		{B35FCAFB-DC11-413C-9782-F0C52BC5EA03}.Release|Any CPU.ActiveCfg = Release|Any CPU
		{B35FCAFB-DC11-413C-9782-F0C52BC5EA03}.Release|Any CPU.Build.0 = Release|Any CPU
		{B35FCAFB-DC11-413C-9782-F0C52BC5EA03}.Release|x64.ActiveCfg = Release|Any CPU
		{B35FCAFB-DC11-413C-9782-F0C52BC5EA03}.Release|x64.Build.0 = Release|Any CPU
		{B35FCAFB-DC11-413C-9782-F0C52BC5EA03}.Release|x86.ActiveCfg = Release|Any CPU
		{B35FCAFB-DC11-413C-9782-F0C52BC5EA03}.Release|x86.Build.0 = Release|Any CPU
		{8C4DF2CD-A82A-498B-8E9B-CF79C7AF5A2B}.Debug|Any CPU.ActiveCfg = Debug|Any CPU
		{8C4DF2CD-A82A-498B-8E9B-CF79C7AF5A2B}.Debug|Any CPU.Build.0 = Debug|Any CPU
		{8C4DF2CD-A82A-498B-8E9B-CF79C7AF5A2B}.Debug|x64.ActiveCfg = Debug|Any CPU
		{8C4DF2CD-A82A-498B-8E9B-CF79C7AF5A2B}.Debug|x64.Build.0 = Debug|Any CPU
		{8C4DF2CD-A82A-498B-8E9B-CF79C7AF5A2B}.Debug|x86.ActiveCfg = Debug|Any CPU
		{8C4DF2CD-A82A-498B-8E9B-CF79C7AF5A2B}.Debug|x86.Build.0 = Debug|Any CPU
		{8C4DF2CD-A82A-498B-8E9B-CF79C7AF5A2B}.Release|Any CPU.ActiveCfg = Release|Any CPU
		{8C4DF2CD-A82A-498B-8E9B-CF79C7AF5A2B}.Release|Any CPU.Build.0 = Release|Any CPU
		{8C4DF2CD-A82A-498B-8E9B-CF79C7AF5A2B}.Release|x64.ActiveCfg = Release|Any CPU
		{8C4DF2CD-A82A-498B-8E9B-CF79C7AF5A2B}.Release|x64.Build.0 = Release|Any CPU
		{8C4DF2CD-A82A-498B-8E9B-CF79C7AF5A2B}.Release|x86.ActiveCfg = Release|Any CPU
		{8C4DF2CD-A82A-498B-8E9B-CF79C7AF5A2B}.Release|x86.Build.0 = Release|Any CPU
		{3F37FCAB-8BBB-4443-AC87-5A32B1814946}.Debug|Any CPU.ActiveCfg = Debug|Any CPU
		{3F37FCAB-8BBB-4443-AC87-5A32B1814946}.Debug|Any CPU.Build.0 = Debug|Any CPU
		{3F37FCAB-8BBB-4443-AC87-5A32B1814946}.Debug|x64.ActiveCfg = Debug|Any CPU
		{3F37FCAB-8BBB-4443-AC87-5A32B1814946}.Debug|x64.Build.0 = Debug|Any CPU
		{3F37FCAB-8BBB-4443-AC87-5A32B1814946}.Debug|x86.ActiveCfg = Debug|Any CPU
		{3F37FCAB-8BBB-4443-AC87-5A32B1814946}.Debug|x86.Build.0 = Debug|Any CPU
		{3F37FCAB-8BBB-4443-AC87-5A32B1814946}.Release|Any CPU.ActiveCfg = Release|Any CPU
		{3F37FCAB-8BBB-4443-AC87-5A32B1814946}.Release|Any CPU.Build.0 = Release|Any CPU
		{3F37FCAB-8BBB-4443-AC87-5A32B1814946}.Release|x64.ActiveCfg = Release|Any CPU
		{3F37FCAB-8BBB-4443-AC87-5A32B1814946}.Release|x64.Build.0 = Release|Any CPU
		{3F37FCAB-8BBB-4443-AC87-5A32B1814946}.Release|x86.ActiveCfg = Release|Any CPU
		{3F37FCAB-8BBB-4443-AC87-5A32B1814946}.Release|x86.Build.0 = Release|Any CPU
		{A7CBE41D-1355-4681-B884-F0D2F69A75A4}.Debug|Any CPU.ActiveCfg = Debug|Any CPU
		{A7CBE41D-1355-4681-B884-F0D2F69A75A4}.Debug|Any CPU.Build.0 = Debug|Any CPU
		{A7CBE41D-1355-4681-B884-F0D2F69A75A4}.Debug|x64.ActiveCfg = Debug|Any CPU
		{A7CBE41D-1355-4681-B884-F0D2F69A75A4}.Debug|x64.Build.0 = Debug|Any CPU
		{A7CBE41D-1355-4681-B884-F0D2F69A75A4}.Debug|x86.ActiveCfg = Debug|Any CPU
		{A7CBE41D-1355-4681-B884-F0D2F69A75A4}.Debug|x86.Build.0 = Debug|Any CPU
		{A7CBE41D-1355-4681-B884-F0D2F69A75A4}.Release|Any CPU.ActiveCfg = Release|Any CPU
		{A7CBE41D-1355-4681-B884-F0D2F69A75A4}.Release|Any CPU.Build.0 = Release|Any CPU
		{A7CBE41D-1355-4681-B884-F0D2F69A75A4}.Release|x64.ActiveCfg = Release|Any CPU
		{A7CBE41D-1355-4681-B884-F0D2F69A75A4}.Release|x64.Build.0 = Release|Any CPU
		{A7CBE41D-1355-4681-B884-F0D2F69A75A4}.Release|x86.ActiveCfg = Release|Any CPU
		{A7CBE41D-1355-4681-B884-F0D2F69A75A4}.Release|x86.Build.0 = Release|Any CPU
		{CA317B27-C60F-4E2A-8694-EDBC931557A8}.Debug|Any CPU.ActiveCfg = Debug|Any CPU
		{CA317B27-C60F-4E2A-8694-EDBC931557A8}.Debug|Any CPU.Build.0 = Debug|Any CPU
		{CA317B27-C60F-4E2A-8694-EDBC931557A8}.Debug|x64.ActiveCfg = Debug|Any CPU
		{CA317B27-C60F-4E2A-8694-EDBC931557A8}.Debug|x64.Build.0 = Debug|Any CPU
		{CA317B27-C60F-4E2A-8694-EDBC931557A8}.Debug|x86.ActiveCfg = Debug|Any CPU
		{CA317B27-C60F-4E2A-8694-EDBC931557A8}.Debug|x86.Build.0 = Debug|Any CPU
		{CA317B27-C60F-4E2A-8694-EDBC931557A8}.Release|Any CPU.ActiveCfg = Release|Any CPU
		{CA317B27-C60F-4E2A-8694-EDBC931557A8}.Release|Any CPU.Build.0 = Release|Any CPU
		{CA317B27-C60F-4E2A-8694-EDBC931557A8}.Release|x64.ActiveCfg = Release|Any CPU
		{CA317B27-C60F-4E2A-8694-EDBC931557A8}.Release|x64.Build.0 = Release|Any CPU
		{CA317B27-C60F-4E2A-8694-EDBC931557A8}.Release|x86.ActiveCfg = Release|Any CPU
		{CA317B27-C60F-4E2A-8694-EDBC931557A8}.Release|x86.Build.0 = Release|Any CPU
		{19BB0A4F-5B31-4ECE-A638-FE27291720E2}.Debug|Any CPU.ActiveCfg = Debug|Any CPU
		{19BB0A4F-5B31-4ECE-A638-FE27291720E2}.Debug|Any CPU.Build.0 = Debug|Any CPU
		{19BB0A4F-5B31-4ECE-A638-FE27291720E2}.Debug|x64.ActiveCfg = Debug|Any CPU
		{19BB0A4F-5B31-4ECE-A638-FE27291720E2}.Debug|x64.Build.0 = Debug|Any CPU
		{19BB0A4F-5B31-4ECE-A638-FE27291720E2}.Debug|x86.ActiveCfg = Debug|Any CPU
		{19BB0A4F-5B31-4ECE-A638-FE27291720E2}.Debug|x86.Build.0 = Debug|Any CPU
		{19BB0A4F-5B31-4ECE-A638-FE27291720E2}.Release|Any CPU.ActiveCfg = Release|Any CPU
		{19BB0A4F-5B31-4ECE-A638-FE27291720E2}.Release|Any CPU.Build.0 = Release|Any CPU
		{19BB0A4F-5B31-4ECE-A638-FE27291720E2}.Release|x64.ActiveCfg = Release|Any CPU
		{19BB0A4F-5B31-4ECE-A638-FE27291720E2}.Release|x64.Build.0 = Release|Any CPU
		{19BB0A4F-5B31-4ECE-A638-FE27291720E2}.Release|x86.ActiveCfg = Release|Any CPU
		{19BB0A4F-5B31-4ECE-A638-FE27291720E2}.Release|x86.Build.0 = Release|Any CPU
		{4334FF6E-D3CC-4CAC-BC96-54048AB96A99}.Debug|Any CPU.ActiveCfg = Debug|Any CPU
		{4334FF6E-D3CC-4CAC-BC96-54048AB96A99}.Debug|Any CPU.Build.0 = Debug|Any CPU
		{4334FF6E-D3CC-4CAC-BC96-54048AB96A99}.Debug|x64.ActiveCfg = Debug|Any CPU
		{4334FF6E-D3CC-4CAC-BC96-54048AB96A99}.Debug|x64.Build.0 = Debug|Any CPU
		{4334FF6E-D3CC-4CAC-BC96-54048AB96A99}.Debug|x86.ActiveCfg = Debug|Any CPU
		{4334FF6E-D3CC-4CAC-BC96-54048AB96A99}.Debug|x86.Build.0 = Debug|Any CPU
		{4334FF6E-D3CC-4CAC-BC96-54048AB96A99}.Release|Any CPU.ActiveCfg = Release|Any CPU
		{4334FF6E-D3CC-4CAC-BC96-54048AB96A99}.Release|Any CPU.Build.0 = Release|Any CPU
		{4334FF6E-D3CC-4CAC-BC96-54048AB96A99}.Release|x64.ActiveCfg = Release|Any CPU
		{4334FF6E-D3CC-4CAC-BC96-54048AB96A99}.Release|x64.Build.0 = Release|Any CPU
		{4334FF6E-D3CC-4CAC-BC96-54048AB96A99}.Release|x86.ActiveCfg = Release|Any CPU
		{4334FF6E-D3CC-4CAC-BC96-54048AB96A99}.Release|x86.Build.0 = Release|Any CPU
		{D09EF41B-3B08-4EF9-AEB9-D38038483822}.Debug|Any CPU.ActiveCfg = Debug|Any CPU
		{D09EF41B-3B08-4EF9-AEB9-D38038483822}.Debug|Any CPU.Build.0 = Debug|Any CPU
		{D09EF41B-3B08-4EF9-AEB9-D38038483822}.Debug|x64.ActiveCfg = Debug|Any CPU
		{D09EF41B-3B08-4EF9-AEB9-D38038483822}.Debug|x64.Build.0 = Debug|Any CPU
		{D09EF41B-3B08-4EF9-AEB9-D38038483822}.Debug|x86.ActiveCfg = Debug|Any CPU
		{D09EF41B-3B08-4EF9-AEB9-D38038483822}.Debug|x86.Build.0 = Debug|Any CPU
		{D09EF41B-3B08-4EF9-AEB9-D38038483822}.Release|Any CPU.ActiveCfg = Release|Any CPU
		{D09EF41B-3B08-4EF9-AEB9-D38038483822}.Release|Any CPU.Build.0 = Release|Any CPU
		{D09EF41B-3B08-4EF9-AEB9-D38038483822}.Release|x64.ActiveCfg = Release|Any CPU
		{D09EF41B-3B08-4EF9-AEB9-D38038483822}.Release|x64.Build.0 = Release|Any CPU
		{D09EF41B-3B08-4EF9-AEB9-D38038483822}.Release|x86.ActiveCfg = Release|Any CPU
		{D09EF41B-3B08-4EF9-AEB9-D38038483822}.Release|x86.Build.0 = Release|Any CPU
		{9A9991EA-E4D5-40CB-81F8-7B74FCC3C56B}.Debug|Any CPU.ActiveCfg = Debug|Any CPU
		{9A9991EA-E4D5-40CB-81F8-7B74FCC3C56B}.Debug|Any CPU.Build.0 = Debug|Any CPU
		{9A9991EA-E4D5-40CB-81F8-7B74FCC3C56B}.Debug|x64.ActiveCfg = Debug|Any CPU
		{9A9991EA-E4D5-40CB-81F8-7B74FCC3C56B}.Debug|x64.Build.0 = Debug|Any CPU
		{9A9991EA-E4D5-40CB-81F8-7B74FCC3C56B}.Debug|x86.ActiveCfg = Debug|Any CPU
		{9A9991EA-E4D5-40CB-81F8-7B74FCC3C56B}.Debug|x86.Build.0 = Debug|Any CPU
		{9A9991EA-E4D5-40CB-81F8-7B74FCC3C56B}.Release|Any CPU.ActiveCfg = Release|Any CPU
		{9A9991EA-E4D5-40CB-81F8-7B74FCC3C56B}.Release|Any CPU.Build.0 = Release|Any CPU
		{9A9991EA-E4D5-40CB-81F8-7B74FCC3C56B}.Release|x64.ActiveCfg = Release|Any CPU
		{9A9991EA-E4D5-40CB-81F8-7B74FCC3C56B}.Release|x64.Build.0 = Release|Any CPU
		{9A9991EA-E4D5-40CB-81F8-7B74FCC3C56B}.Release|x86.ActiveCfg = Release|Any CPU
		{9A9991EA-E4D5-40CB-81F8-7B74FCC3C56B}.Release|x86.Build.0 = Release|Any CPU
		{2F1B288C-4D8C-4046-9FF3-DF3995E0A86E}.Debug|Any CPU.ActiveCfg = Debug|Any CPU
		{2F1B288C-4D8C-4046-9FF3-DF3995E0A86E}.Debug|Any CPU.Build.0 = Debug|Any CPU
		{2F1B288C-4D8C-4046-9FF3-DF3995E0A86E}.Debug|x64.ActiveCfg = Debug|Any CPU
		{2F1B288C-4D8C-4046-9FF3-DF3995E0A86E}.Debug|x64.Build.0 = Debug|Any CPU
		{2F1B288C-4D8C-4046-9FF3-DF3995E0A86E}.Debug|x86.ActiveCfg = Debug|Any CPU
		{2F1B288C-4D8C-4046-9FF3-DF3995E0A86E}.Debug|x86.Build.0 = Debug|Any CPU
		{2F1B288C-4D8C-4046-9FF3-DF3995E0A86E}.Release|Any CPU.ActiveCfg = Release|Any CPU
		{2F1B288C-4D8C-4046-9FF3-DF3995E0A86E}.Release|Any CPU.Build.0 = Release|Any CPU
		{2F1B288C-4D8C-4046-9FF3-DF3995E0A86E}.Release|x64.ActiveCfg = Release|Any CPU
		{2F1B288C-4D8C-4046-9FF3-DF3995E0A86E}.Release|x64.Build.0 = Release|Any CPU
		{2F1B288C-4D8C-4046-9FF3-DF3995E0A86E}.Release|x86.ActiveCfg = Release|Any CPU
		{2F1B288C-4D8C-4046-9FF3-DF3995E0A86E}.Release|x86.Build.0 = Release|Any CPU
	EndGlobalSection
	GlobalSection(SolutionProperties) = preSolution
		HideSolutionNode = FALSE
	EndGlobalSection
	GlobalSection(NestedProjects) = preSolution
		{0F65B75D-AF5E-4591-8F80-07290771765F} = {827E0CD3-B72D-47B6-A68D-7590B98EB39B}
		{B35FCAFB-DC11-413C-9782-F0C52BC5EA03} = {827E0CD3-B72D-47B6-A68D-7590B98EB39B}
		{8C4DF2CD-A82A-498B-8E9B-CF79C7AF5A2B} = {827E0CD3-B72D-47B6-A68D-7590B98EB39B}
		{3F37FCAB-8BBB-4443-AC87-5A32B1814946} = {827E0CD3-B72D-47B6-A68D-7590B98EB39B}
		{D2BDE82D-DB3F-46AA-8962-64A10A288841} = {02EA681E-C7D8-13C7-8484-4AC65E1B71E8}
		{A7CBE41D-1355-4681-B884-F0D2F69A75A4} = {D2BDE82D-DB3F-46AA-8962-64A10A288841}
		{CA317B27-C60F-4E2A-8694-EDBC931557A8} = {D2BDE82D-DB3F-46AA-8962-64A10A288841}
		{19BB0A4F-5B31-4ECE-A638-FE27291720E2} = {D2BDE82D-DB3F-46AA-8962-64A10A288841}
		{4334FF6E-D3CC-4CAC-BC96-54048AB96A99} = {D2BDE82D-DB3F-46AA-8962-64A10A288841}
		{25E146AE-DCD8-42C7-B454-3A87D44803D2} = {02EA681E-C7D8-13C7-8484-4AC65E1B71E8}
		{D09EF41B-3B08-4EF9-AEB9-D38038483822} = {25E146AE-DCD8-42C7-B454-3A87D44803D2}
		{9A9991EA-E4D5-40CB-81F8-7B74FCC3C56B} = {25E146AE-DCD8-42C7-B454-3A87D44803D2}
		{2F1B288C-4D8C-4046-9FF3-DF3995E0A86E} = {25E146AE-DCD8-42C7-B454-3A87D44803D2}
	EndGlobalSection
	GlobalSection(ExtensibilityGlobals) = postSolution
		SolutionGuid = {F066A37F-9B4D-433B-B835-489DABFA8516}
	EndGlobalSection
EndGlobal
